
Microsoft Visual Studio Solution File, Format Version 12.00
# Visual Studio 14
VisualStudioVersion = 14.0.25420.1
MinimumVisualStudioVersion = 10.0.40219.1
Project("{CC5FD16D-436D-48AD-A40C-5A424C6E3E79}") = "ChangerMintsCloudServer", "ChangerMintsCloudServer\ChangerMintsCloudServer.ccproj", "{1B478D01-BD6D-4BFE-B7D5-4B5AF4061292}"
EndProject
Project("{FAE04EC0-301F-11D3-BF4B-00C04F79EFBC}") = "ChangerMintsWorkerRole", "WorkerRole1\ChangerMintsWorkerRole.csproj", "{A764F680-A994-4C9B-8001-F63D00A943E0}"
EndProject
Global
	GlobalSection(SolutionConfigurationPlatforms) = preSolution
		Debug|Any CPU = Debug|Any CPU
		Release|Any CPU = Release|Any CPU
	EndGlobalSection
	GlobalSection(ProjectConfigurationPlatforms) = postSolution
		{1B478D01-BD6D-4BFE-B7D5-4B5AF4061292}.Debug|Any CPU.ActiveCfg = Debug|Any CPU
		{1B478D01-BD6D-4BFE-B7D5-4B5AF4061292}.Debug|Any CPU.Build.0 = Debug|Any CPU
		{1B478D01-BD6D-4BFE-B7D5-4B5AF4061292}.Release|Any CPU.ActiveCfg = Release|Any CPU
		{1B478D01-BD6D-4BFE-B7D5-4B5AF4061292}.Release|Any CPU.Build.0 = Release|Any CPU
		{A764F680-A994-4C9B-8001-F63D00A943E0}.Debug|Any CPU.ActiveCfg = Debug|Any CPU
		{A764F680-A994-4C9B-8001-F63D00A943E0}.Debug|Any CPU.Build.0 = Debug|Any CPU
		{A764F680-A994-4C9B-8001-F63D00A943E0}.Release|Any CPU.ActiveCfg = Release|Any CPU
		{A764F680-A994-4C9B-8001-F63D00A943E0}.Release|Any CPU.Build.0 = Release|Any CPU
	EndGlobalSection
	GlobalSection(SolutionProperties) = preSolution
		HideSolutionNode = FALSE
	EndGlobalSection
EndGlobal
