
Microsoft Visual Studio Solution File, Format Version 12.00
# Visual Studio 2010
Project("{FAE04EC0-301F-11D3-BF4B-00C04F79EFBC}") = "ChangerMints.Database", "ChangerMints.Database\ChangerMints.Database.csproj", "{8C22514E-DDA8-40B5-A556-BF3CABBAB329}"
EndProject
Project("{FAE04EC0-301F-11D3-BF4B-00C04F79EFBC}") = "ChangerMints.Business", "ChangerMints.Business\ChangerMints.Business.csproj", "{00D4D060-BBE1-45A0-B86D-6CD2BB98DEE3}"
EndProject
Global
	GlobalSection(SolutionConfigurationPlatforms) = preSolution
		Debug|Any CPU = Debug|Any CPU
		Release|Any CPU = Release|Any CPU
	EndGlobalSection
	GlobalSection(ProjectConfigurationPlatforms) = postSolution
		{8C22514E-DDA8-40B5-A556-BF3CABBAB329}.Debug|Any CPU.ActiveCfg = Debug|Any CPU
		{8C22514E-DDA8-40B5-A556-BF3CABBAB329}.Debug|Any CPU.Build.0 = Debug|Any CPU
		{8C22514E-DDA8-40B5-A556-BF3CABBAB329}.Release|Any CPU.ActiveCfg = Release|Any CPU
		{8C22514E-DDA8-40B5-A556-BF3CABBAB329}.Release|Any CPU.Build.0 = Release|Any CPU
		{00D4D060-BBE1-45A0-B86D-6CD2BB98DEE3}.Debug|Any CPU.ActiveCfg = Debug|Any CPU
		{00D4D060-BBE1-45A0-B86D-6CD2BB98DEE3}.Debug|Any CPU.Build.0 = Debug|Any CPU
		{00D4D060-BBE1-45A0-B86D-6CD2BB98DEE3}.Release|Any CPU.ActiveCfg = Release|Any CPU
		{00D4D060-BBE1-45A0-B86D-6CD2BB98DEE3}.Release|Any CPU.Build.0 = Release|Any CPU
	EndGlobalSection
	GlobalSection(SolutionProperties) = preSolution
		HideSolutionNode = FALSE
	EndGlobalSection
EndGlobal
